<?xml version="1.0" encoding="utf-8"?>
<Project ToolsVersion="4.0" xmlns="http://schemas.microsoft.com/developer/msbuild/2003">
  <ItemGroup>
    <Filter Include="ソース ファイル">
      <UniqueIdentifier>{4FC737F1-C7A5-4376-A066-2A32D752A2FF}</UniqueIdentifier>
      <Extensions>cpp;c;cc;cxx;c++;cppm;ixx;def;odl;idl;hpj;bat;asm;asmx</Extensions>
    </Filter>
    <Filter Include="ヘッダー ファイル">
      <UniqueIdentifier>{93995380-89BD-4b04-88EB-625FBE52EBFB}</UniqueIdentifier>
      <Extensions>h;hh;hpp;hxx;h++;hm;inl;inc;ipp;xsd</Extensions>
    </Filter>
    <Filter Include="リソース ファイル">
      <UniqueIdentifier>{67DA6AB6-F800-4c08-8B7A-83BB121AAD01}</UniqueIdentifier>
      <Extensions>rc;ico;cur;bmp;dlg;rc2;rct;bin;rgs;gif;jpg;jpeg;jpe;resx;tiff;tif;png;wav;mfcribbon-ms</Extensions>
    </Filter>
    <Filter Include="ソース ファイル\Player">
      <UniqueIdentifier>{ad9cc1b5-9b05-429e-81c9-52ef74b10dcb}</UniqueIdentifier>
    </Filter>
    <Filter Include="ヘッダー ファイル\Player">
      <UniqueIdentifier>{be0b3887-b75d-4da7-b9bb-6fa982784d31}</UniqueIdentifier>
    </Filter>
    <Filter Include="ソース ファイル\NPC">
      <UniqueIdentifier>{b68532ae-a81f-4cb1-acdc-8868b172218c}</UniqueIdentifier>
    </Filter>
    <Filter Include="ヘッダー ファイル\NPC">
      <UniqueIdentifier>{b6a6712f-5521-4924-b030-6783c115cc8e}</UniqueIdentifier>
    </Filter>
    <Filter Include="ヘッダー ファイル\Command">
      <UniqueIdentifier>{adeb91fa-2ebd-4211-b8e9-6979284233b3}</UniqueIdentifier>
    </Filter>
    <Filter Include="ヘッダー ファイル\Scene">
      <UniqueIdentifier>{3eb128d9-c3c6-4062-9d84-1a379373b338}</UniqueIdentifier>
    </Filter>
    <Filter Include="ヘッダー ファイル\GameMain">
      <UniqueIdentifier>{e16f93e5-89bc-4d27-b1b7-830e12880757}</UniqueIdentifier>
    </Filter>
    <Filter Include="ソース ファイル\Command">
      <UniqueIdentifier>{fb840890-d09a-40a7-8a2a-ab5e3cc96d11}</UniqueIdentifier>
    </Filter>
    <Filter Include="ソース ファイル\Scene">
      <UniqueIdentifier>{d1ca4630-4cce-468b-9ca5-55dd4635f6f5}</UniqueIdentifier>
    </Filter>
    <Filter Include="ソース ファイル\GameMain">
      <UniqueIdentifier>{c68ae8c9-cf4c-440a-a3a4-9d6cad240324}</UniqueIdentifier>
    </Filter>
  </ItemGroup>
  <ItemGroup>
    <ClCompile Include="EnemyFactory.cpp">
      <Filter>ソース ファイル\NPC</Filter>
    </ClCompile>
    <ClCompile Include="GameClear.cpp">
      <Filter>ソース ファイル\Scene</Filter>
    </ClCompile>
    <ClCompile Include="GameOver.cpp">
      <Filter>ソース ファイル\Scene</Filter>
    </ClCompile>
    <ClCompile Include="GameTitle.cpp">
      <Filter>ソース ファイル\Scene</Filter>
    </ClCompile>
    <ClCompile Include="SceneBase.cpp">
      <Filter>ソース ファイル\Scene</Filter>
    </ClCompile>
    <ClCompile Include="Game.cpp">
      <Filter>ソース ファイル\GameMain</Filter>
    </ClCompile>
    <ClCompile Include="Main.cpp">
      <Filter>ソース ファイル\GameMain</Filter>
    </ClCompile>
    <ClCompile Include="WorkConsoleRPG.cpp">
      <Filter>ソース ファイル\GameMain</Filter>
    </ClCompile>
  </ItemGroup>
  <ItemGroup>
    <ClInclude Include="PlayerModel.h">
      <Filter>ヘッダー ファイル\Player</Filter>
    </ClInclude>
    <ClInclude Include="Enemy.h">
      <Filter>ヘッダー ファイル\NPC</Filter>
    </ClInclude>
    <ClInclude Include="EnemyData.h">
      <Filter>ヘッダー ファイル\NPC</Filter>
    </ClInclude>
    <ClInclude Include="EnemyFactory.h">
      <Filter>ヘッダー ファイル\NPC</Filter>
    </ClInclude>
    <ClInclude Include="Command.h">
      <Filter>ヘッダー ファイル\Command</Filter>
    </ClInclude>
    <ClInclude Include="CommandFactory.h">
      <Filter>ヘッダー ファイル\Command</Filter>
    </ClInclude>
    <ClInclude Include="SceneBase.h">
      <Filter>ヘッダー ファイル\Scene</Filter>
    </ClInclude>
    <ClInclude Include="SceneType.h">
      <Filter>ヘッダー ファイル\Scene</Filter>
    </ClInclude>
    <ClInclude Include="Player.h">
      <Filter>ヘッダー ファイル\Player</Filter>
    </ClInclude>
    <ClInclude Include="GameClear.h">
      <Filter>ヘッダー ファイル\Scene</Filter>
    </ClInclude>
    <ClInclude Include="GameOver.h">
      <Filter>ヘッダー ファイル\Scene</Filter>
    </ClInclude>
    <ClInclude Include="GameTitle.h">
      <Filter>ヘッダー ファイル\Scene</Filter>
    </ClInclude>
    <ClInclude Include="Game.h">
      <Filter>ヘッダー ファイル\GameMain</Filter>
    </ClInclude>
    <ClInclude Include="Main.h">
      <Filter>ヘッダー ファイル\GameMain</Filter>
    </ClInclude>
    <ClInclude Include="PlayerView.h">
      <Filter>ヘッダー ファイル\Player</Filter>
    </ClInclude>
    <ClInclude Include="PlayerController.h">
      <Filter>ヘッダー ファイル\Player</Filter>
    </ClInclude>
  </ItemGroup>
</Project>